{
    "name": "@perfobyte/strucdom",
    "version": "1.0.3",
    "lockfileVersion": 3,
    "requires": true,
    "packages": {
        "": {
            "name": "@perfobyte/strucdom",
            "version": "1.0.3",
            "license": "MIT",
            "dependencies": {
                "@perfobyte/strucdom": "^1.0.3"
            }
        },
        "node_modules/@perfobyte/strucdom": {
            "version": "1.0.3",
            "resolved": "https://registry.npmjs.org/@perfobyte/strucdom/-/strucdom-1.0.3.tgz",
            "integrity": "sha512-JP76HSOcxF6Hf/2REbvtxABdXNVUaGbK+9HJ/R2Hh4VYsDloJJ+WAonsUp17YbZ1Wmb7YKw5j9UzuoCpjEPE0A==",
            "license": "MIT",
            "dependencies": {
                "@perfobyte/strucdom": "^1.0.1"
            }
        }
    }
}
